
Microsoft Visual Studio Solution File, Format Version 12.00
# Visual Studio Version 16
VisualStudioVersion = 16.0.29318.209
MinimumVisualStudioVersion = 10.0.40219.1
Project("{FAE04EC0-301F-11D3-BF4B-00C04F79EFBC}") = "zbrojTextbox", "zbrojTextbox\zbrojTextbox.csproj", "{03E5A2A1-ADA1-4CB8-B56B-5B0EBFC3BD08}"
EndProject
Global
	GlobalSection(SolutionConfigurationPlatforms) = preSolution
		Debug|Any CPU = Debug|Any CPU
		Release|Any CPU = Release|Any CPU
	EndGlobalSection
	GlobalSection(ProjectConfigurationPlatforms) = postSolution
		{03E5A2A1-ADA1-4CB8-B56B-5B0EBFC3BD08}.Debug|Any CPU.ActiveCfg = Debug|Any CPU
		{03E5A2A1-ADA1-4CB8-B56B-5B0EBFC3BD08}.Debug|Any CPU.Build.0 = Debug|Any CPU
		{03E5A2A1-ADA1-4CB8-B56B-5B0EBFC3BD08}.Release|Any CPU.ActiveCfg = Release|Any CPU
		{03E5A2A1-ADA1-4CB8-B56B-5B0EBFC3BD08}.Release|Any CPU.Build.0 = Release|Any CPU
	EndGlobalSection
	GlobalSection(SolutionProperties) = preSolution
		HideSolutionNode = FALSE
	EndGlobalSection
	GlobalSection(ExtensibilityGlobals) = postSolution
		SolutionGuid = {55F437BD-A0DF-4901-8E84-CC3DE5C446EB}
	EndGlobalSection
EndGlobal
